
Microsoft Visual Studio Solution File, Format Version 10.00
# Visual Studio 2008
Project("{FAE04EC0-301F-11D3-BF4B-00C04F79EFBC}") = "SLogo", "SLogo\SLogo.csproj", "{DEADFD1A-A74D-45E3-B08C-7043308E9E53}"
EndProject
Project("{FAE04EC0-301F-11D3-BF4B-00C04F79EFBC}") = "SLogo.Painter", "SLogo.Painter\SLogo.Painter.csproj", "{42F7A567-0C29-431B-972F-54215CFCEFF9}"
EndProject
Project("{FAE04EC0-301F-11D3-BF4B-00C04F79EFBC}") = "SVGLib", "SVGLib\SVGLib.csproj", "{43B7A044-2909-48C9-AD09-707709CDFE46}"
EndProject
Project("{FAE04EC0-301F-11D3-BF4B-00C04F79EFBC}") = "SLogo.Canvas", "SLogo.Canvas\SLogo.Canvas.csproj", "{805DAEDE-7B65-4B19-8A1D-89A20D24DE07}"
EndProject
Global
	GlobalSection(SolutionConfigurationPlatforms) = preSolution
		Debug|Any CPU = Debug|Any CPU
		Release|Any CPU = Release|Any CPU
	EndGlobalSection
	GlobalSection(ProjectConfigurationPlatforms) = postSolution
		{DEADFD1A-A74D-45E3-B08C-7043308E9E53}.Debug|Any CPU.ActiveCfg = Debug|Any CPU
		{DEADFD1A-A74D-45E3-B08C-7043308E9E53}.Debug|Any CPU.Build.0 = Debug|Any CPU
		{DEADFD1A-A74D-45E3-B08C-7043308E9E53}.Release|Any CPU.ActiveCfg = Release|Any CPU
		{DEADFD1A-A74D-45E3-B08C-7043308E9E53}.Release|Any CPU.Build.0 = Release|Any CPU
		{42F7A567-0C29-431B-972F-54215CFCEFF9}.Debug|Any CPU.ActiveCfg = Debug|Any CPU
		{42F7A567-0C29-431B-972F-54215CFCEFF9}.Debug|Any CPU.Build.0 = Debug|Any CPU
		{42F7A567-0C29-431B-972F-54215CFCEFF9}.Release|Any CPU.ActiveCfg = Release|Any CPU
		{42F7A567-0C29-431B-972F-54215CFCEFF9}.Release|Any CPU.Build.0 = Release|Any CPU
		{43B7A044-2909-48C9-AD09-707709CDFE46}.Debug|Any CPU.ActiveCfg = Debug|Any CPU
		{43B7A044-2909-48C9-AD09-707709CDFE46}.Debug|Any CPU.Build.0 = Debug|Any CPU
		{43B7A044-2909-48C9-AD09-707709CDFE46}.Release|Any CPU.ActiveCfg = Release|Any CPU
		{43B7A044-2909-48C9-AD09-707709CDFE46}.Release|Any CPU.Build.0 = Release|Any CPU
		{805DAEDE-7B65-4B19-8A1D-89A20D24DE07}.Debug|Any CPU.ActiveCfg = Debug|Any CPU
		{805DAEDE-7B65-4B19-8A1D-89A20D24DE07}.Debug|Any CPU.Build.0 = Debug|Any CPU
		{805DAEDE-7B65-4B19-8A1D-89A20D24DE07}.Release|Any CPU.ActiveCfg = Release|Any CPU
		{805DAEDE-7B65-4B19-8A1D-89A20D24DE07}.Release|Any CPU.Build.0 = Release|Any CPU
	EndGlobalSection
	GlobalSection(SolutionProperties) = preSolution
		HideSolutionNode = FALSE
	EndGlobalSection
	GlobalSection(TestCaseManagementSettings) = postSolution
		CategoryFile = NCalc.vsmdi
	EndGlobalSection
EndGlobal
